Microsoft Visual Studio Solution File, Format Version 12.00
# Visual Studio 2013
VisualStudioVersion = 12.0.31101.0
MinimumVisualStudioVersion = 10.0.40219.1
Project("{8BC9CEB8-8B4A-11D0-8D11-00A0C91BC942}") = "qtnote", "libqtnote\qtnote.vcxproj", "{8261953F-4355-399D-BFED-DE6BD8C3B3EF}"
EndProject
Project("{8BC9CEB8-8B4A-11D0-8D11-00A0C91BC942}") = "baseintegration", "plugins\baseintegration\baseintegration.vcxproj", "{CDC82657-9966-3889-B402-17842F8F2C6F}"
	ProjectSection(ProjectDependencies) = postProject
		{8261953F-4355-399D-BFED-DE6BD8C3B3EF} = {8261953F-4355-399D-BFED-DE6BD8C3B3EF}
	EndProjectSection
EndProject
Project("{8BC9CEB8-8B4A-11D0-8D11-00A0C91BC942}") = "tomboy", "plugins\tomboy\tomboy.vcxproj", "{D857F85E-D220-3B99-B9AC-F492B50F0271}"
	ProjectSection(ProjectDependencies) = postProject
		{8261953F-4355-399D-BFED-DE6BD8C3B3EF} = {8261953F-4355-399D-BFED-DE6BD8C3B3EF}
	EndProjectSection
EndProject
Global
	GlobalSection(SolutionConfigurationPlatforms) = preSolution
		Debug|x64 = Debug|x64
		Release|x64 = Release|x64
	EndGlobalSection
	GlobalSection(ProjectConfigurationPlatforms) = postSolution
		{8261953F-4355-399D-BFED-DE6BD8C3B3EF}.Debug|x64.ActiveCfg = Debug|x64
		{8261953F-4355-399D-BFED-DE6BD8C3B3EF}.Debug|x64.Build.0 = Debug|x64
		{8261953F-4355-399D-BFED-DE6BD8C3B3EF}.Release|x64.ActiveCfg = Release|x64
		{8261953F-4355-399D-BFED-DE6BD8C3B3EF}.Release|x64.Build.0 = Release|x64
		{CDC82657-9966-3889-B402-17842F8F2C6F}.Debug|x64.ActiveCfg = Debug|x64
		{CDC82657-9966-3889-B402-17842F8F2C6F}.Debug|x64.Build.0 = Debug|x64
		{CDC82657-9966-3889-B402-17842F8F2C6F}.Release|x64.ActiveCfg = Release|x64
		{CDC82657-9966-3889-B402-17842F8F2C6F}.Release|x64.Build.0 = Release|x64
		{D857F85E-D220-3B99-B9AC-F492B50F0271}.Debug|x64.ActiveCfg = Debug|x64
		{D857F85E-D220-3B99-B9AC-F492B50F0271}.Debug|x64.Build.0 = Debug|x64
		{D857F85E-D220-3B99-B9AC-F492B50F0271}.Release|x64.ActiveCfg = Release|x64
		{D857F85E-D220-3B99-B9AC-F492B50F0271}.Release|x64.Build.0 = Release|x64
	EndGlobalSection
	GlobalSection(SolutionProperties) = preSolution
		HideSolutionNode = FALSE
	EndGlobalSection
	GlobalSection(ExtensibilityGlobals) = postSolution
		Qt5Version = msvc2013_64
	EndGlobalSection
EndGlobal
